
Microsoft Visual Studio Solution File, Format Version 12.00
# Visual Studio Version 17
VisualStudioVersion = 17.14.36603.0 d17.14
MinimumVisualStudioVersion = 10.0.40219.1
Project("{FAE04EC0-301F-11D3-BF4B-00C04F79EFBC}") = "IanFernandezGamo_ASP-A2.11-EjercicioDeRepasoParaAE", "IanFernandezGamo_ASP-A2.11-EjercicioDeRepasoParaAE\IanFernandezGamo_ASP-A2.11-EjercicioDeRepasoParaAE.csproj", "{B62FC90C-7EBE-47DC-BEAA-19F115497B04}"
EndProject
Global
	GlobalSection(SolutionConfigurationPlatforms) = preSolution
		Debug|Any CPU = Debug|Any CPU
		Release|Any CPU = Release|Any CPU
	EndGlobalSection
	GlobalSection(ProjectConfigurationPlatforms) = postSolution
		{B62FC90C-7EBE-47DC-BEAA-19F115497B04}.Debug|Any CPU.ActiveCfg = Debug|Any CPU
		{B62FC90C-7EBE-47DC-BEAA-19F115497B04}.Debug|Any CPU.Build.0 = Debug|Any CPU
		{B62FC90C-7EBE-47DC-BEAA-19F115497B04}.Release|Any CPU.ActiveCfg = Release|Any CPU
		{B62FC90C-7EBE-47DC-BEAA-19F115497B04}.Release|Any CPU.Build.0 = Release|Any CPU
	EndGlobalSection
	GlobalSection(SolutionProperties) = preSolution
		HideSolutionNode = FALSE
	EndGlobalSection
	GlobalSection(ExtensibilityGlobals) = postSolution
		SolutionGuid = {1B94D652-90EF-4DC9-AE88-B033E332D085}
	EndGlobalSection
EndGlobal
