
Microsoft Visual Studio Solution File, Format Version 12.00
# Visual Studio Version 17
VisualStudioVersion = 17.14.36511.14 d17.14
MinimumVisualStudioVersion = 10.0.40219.1
Project("{FAE04EC0-301F-11D3-BF4B-00C04F79EFBC}") = "EjemploDebuging", "EjemploDebuging\EjemploDebuging.csproj", "{C1DCFFB4-A62C-443C-8667-692FB8599395}"
EndProject
Global
	GlobalSection(SolutionConfigurationPlatforms) = preSolution
		Debug|Any CPU = Debug|Any CPU
		Release|Any CPU = Release|Any CPU
	EndGlobalSection
	GlobalSection(ProjectConfigurationPlatforms) = postSolution
		{C1DCFFB4-A62C-443C-8667-692FB8599395}.Debug|Any CPU.ActiveCfg = Debug|Any CPU
		{C1DCFFB4-A62C-443C-8667-692FB8599395}.Debug|Any CPU.Build.0 = Debug|Any CPU
		{C1DCFFB4-A62C-443C-8667-692FB8599395}.Release|Any CPU.ActiveCfg = Release|Any CPU
		{C1DCFFB4-A62C-443C-8667-692FB8599395}.Release|Any CPU.Build.0 = Release|Any CPU
	EndGlobalSection
	GlobalSection(SolutionProperties) = preSolution
		HideSolutionNode = FALSE
	EndGlobalSection
	GlobalSection(ExtensibilityGlobals) = postSolution
		SolutionGuid = {D3CB66DB-500E-4E7E-B0A6-C4418E024020}
	EndGlobalSection
EndGlobal
