
Microsoft Visual Studio Solution File, Format Version 12.00
# Visual Studio Version 17
VisualStudioVersion = 17.14.36603.0 d17.14
MinimumVisualStudioVersion = 10.0.40219.1
Project("{FAE04EC0-301F-11D3-BF4B-00C04F79EFBC}") = "IanFernandezGamo_ASP-A2.9-Ejercicio-de-repaso-para-AE", "IanFernandezGamo_ASP-A2.9-Ejercicio-de-repaso-para-AE\IanFernandezGamo_ASP-A2.9-Ejercicio-de-repaso-para-AE.csproj", "{344BF3B5-D61C-4BD9-B781-F597A772A845}"
EndProject
Global
	GlobalSection(SolutionConfigurationPlatforms) = preSolution
		Debug|Any CPU = Debug|Any CPU
		Release|Any CPU = Release|Any CPU
	EndGlobalSection
	GlobalSection(ProjectConfigurationPlatforms) = postSolution
		{344BF3B5-D61C-4BD9-B781-F597A772A845}.Debug|Any CPU.ActiveCfg = Debug|Any CPU
		{344BF3B5-D61C-4BD9-B781-F597A772A845}.Debug|Any CPU.Build.0 = Debug|Any CPU
		{344BF3B5-D61C-4BD9-B781-F597A772A845}.Release|Any CPU.ActiveCfg = Release|Any CPU
		{344BF3B5-D61C-4BD9-B781-F597A772A845}.Release|Any CPU.Build.0 = Release|Any CPU
	EndGlobalSection
	GlobalSection(SolutionProperties) = preSolution
		HideSolutionNode = FALSE
	EndGlobalSection
	GlobalSection(ExtensibilityGlobals) = postSolution
		SolutionGuid = {EB2CF910-177C-4364-8693-A933A1FCCEC7}
	EndGlobalSection
EndGlobal
